// !$*UTF8*$!
{
	archiveVersion = 1;
	classes = {
	};
	objectVersion = 46;
	objects = {

/* Begin PBXBuildFile section */
		CB442A0120E181D10042D97F /* AutomaticSyncTask.swift in Sources */ = {isa = PBXBuildFile; fileRef = CB442A0020E181D10042D97F /* AutomaticSyncTask.swift */; };
		CD40E7F41F3E406B00E12A79 /* BRDatabase.swift in Sources */ = {isa = PBXBuildFile; fileRef = CD40E7F31F3E406B00E12A79 /* BRDatabase.swift */; };
		CD79196B1F38F8F3009B69E3 /* BackgroundSync.swift in Sources */ = {isa = PBXBuildFile; fileRef = CD7919611F38F8F3009B69E3 /* BackgroundSync.swift */; };
		CD79196C1F38F8F3009B69E3 /* DataStore.swift in Sources */ = {isa = PBXBuildFile; fileRef = CD7919621F38F8F3009B69E3 /* DataStore.swift */; };
		CD79196D1F38F8F3009B69E3 /* FileDelete.swift in Sources */ = {isa = PBXBuildFile; fileRef = CD7919631F38F8F3009B69E3 /* FileDelete.swift */; };
		CD79196E1F38F8F3009B69E3 /* FileUpload.swift in Sources */ = {isa = PBXBuildFile; fileRef = CD7919641F38F8F3009B69E3 /* FileUpload.swift */; };
		CD79196F1F38F8F3009B69E3 /* JsonObject.swift in Sources */ = {isa = PBXBuildFile; fileRef = CD7919651F38F8F3009B69E3 /* JsonObject.swift */; };
		CD7919701F38F8F3009B69E3 /* NSDate+Utilities.swift in Sources */ = {isa = PBXBuildFile; fileRef = CD7919661F38F8F3009B69E3 /* NSDate+Utilities.swift */; };
		CD7919711F38F8F3009B69E3 /* PingPong.swift in Sources */ = {isa = PBXBuildFile; fileRef = CD7919671F38F8F3009B69E3 /* PingPong.swift */; };
		CD7919721F38F8F3009B69E3 /* StashObject.swift in Sources */ = {isa = PBXBuildFile; fileRef = CD7919681F38F8F3009B69E3 /* StashObject.swift */; };
		CD7919731F38F8F3009B69E3 /* SyncObject.swift in Sources */ = {isa = PBXBuildFile; fileRef = CD7919691F38F8F3009B69E3 /* SyncObject.swift */; };
		CD7919741F38F8F3009B69E3 /* SyncTask.swift in Sources */ = {isa = PBXBuildFile; fileRef = CD79196A1F38F8F3009B69E3 /* SyncTask.swift */; };
		CD7919791F38FA35009B69E3 /* Alamofire.framework in Frameworks */ = {isa = PBXBuildFile; fileRef = CD7919761F38FA35009B69E3 /* Alamofire.framework */; };
		CD79197A1F38FA35009B69E3 /* FMDB.framework in Frameworks */ = {isa = PBXBuildFile; fileRef = CD7919771F38FA35009B69E3 /* FMDB.framework */; };
		CD79197B1F38FA35009B69E3 /* SwiftyJSON.framework in Frameworks */ = {isa = PBXBuildFile; fileRef = CD7919781F38FA35009B69E3 /* SwiftyJSON.framework */; };
		CDBC69A01F41E81A0043024F /* DatabaseInstall.sql in Resources */ = {isa = PBXBuildFile; fileRef = CDBC699F1F41E81A0043024F /* DatabaseInstall.sql */; };
		CDC966E71F40FF840029A40B /* DispatchQueueExtension.swift in Sources */ = {isa = PBXBuildFile; fileRef = CDC966E61F40FF840029A40B /* DispatchQueueExtension.swift */; };
/* End PBXBuildFile section */

/* Begin PBXFileReference section */
		CB442A0020E181D10042D97F /* AutomaticSyncTask.swift */ = {isa = PBXFileReference; fileEncoding = 4; lastKnownFileType = sourcecode.swift; path = AutomaticSyncTask.swift; sourceTree = "<group>"; };
		CD2C559B1F38F37D00D42254 /* PingPong.framework */ = {isa = PBXFileReference; explicitFileType = wrapper.framework; includeInIndex = 0; path = PingPong.framework; sourceTree = BUILT_PRODUCTS_DIR; };
		CD2C559F1F38F37D00D42254 /* Info.plist */ = {isa = PBXFileReference; lastKnownFileType = text.plist.xml; path = Info.plist; sourceTree = "<group>"; };
		CD40E7F31F3E406B00E12A79 /* BRDatabase.swift */ = {isa = PBXFileReference; fileEncoding = 4; lastKnownFileType = sourcecode.swift; path = BRDatabase.swift; sourceTree = "<group>"; };
		CD7919611F38F8F3009B69E3 /* BackgroundSync.swift */ = {isa = PBXFileReference; fileEncoding = 4; lastKnownFileType = sourcecode.swift; path = BackgroundSync.swift; sourceTree = "<group>"; };
		CD7919621F38F8F3009B69E3 /* DataStore.swift */ = {isa = PBXFileReference; fileEncoding = 4; lastKnownFileType = sourcecode.swift; path = DataStore.swift; sourceTree = "<group>"; };
		CD7919631F38F8F3009B69E3 /* FileDelete.swift */ = {isa = PBXFileReference; fileEncoding = 4; lastKnownFileType = sourcecode.swift; path = FileDelete.swift; sourceTree = "<group>"; };
		CD7919641F38F8F3009B69E3 /* FileUpload.swift */ = {isa = PBXFileReference; fileEncoding = 4; lastKnownFileType = sourcecode.swift; path = FileUpload.swift; sourceTree = "<group>"; };
		CD7919651F38F8F3009B69E3 /* JsonObject.swift */ = {isa = PBXFileReference; fileEncoding = 4; lastKnownFileType = sourcecode.swift; path = JsonObject.swift; sourceTree = "<group>"; };
		CD7919661F38F8F3009B69E3 /* NSDate+Utilities.swift */ = {isa = PBXFileReference; fileEncoding = 4; lastKnownFileType = sourcecode.swift; path = "NSDate+Utilities.swift"; sourceTree = "<group>"; };
		CD7919671F38F8F3009B69E3 /* PingPong.swift */ = {isa = PBXFileReference; fileEncoding = 4; lastKnownFileType = sourcecode.swift; path = PingPong.swift; sourceTree = "<group>"; };
		CD7919681F38F8F3009B69E3 /* StashObject.swift */ = {isa = PBXFileReference; fileEncoding = 4; lastKnownFileType = sourcecode.swift; path = StashObject.swift; sourceTree = "<group>"; };
		CD7919691F38F8F3009B69E3 /* SyncObject.swift */ = {isa = PBXFileReference; fileEncoding = 4; lastKnownFileType = sourcecode.swift; path = SyncObject.swift; sourceTree = "<group>"; };
		CD79196A1F38F8F3009B69E3 /* SyncTask.swift */ = {isa = PBXFileReference; fileEncoding = 4; lastKnownFileType = sourcecode.swift; path = SyncTask.swift; sourceTree = "<group>"; };
		CD7919761F38FA35009B69E3 /* Alamofire.framework */ = {isa = PBXFileReference; lastKnownFileType = wrapper.framework; name = Alamofire.framework; path = "Carthage/Checkouts/Alamofire/build/Debug-iphoneos/Alamofire.framework"; sourceTree = "<group>"; };
		CD7919771F38FA35009B69E3 /* FMDB.framework */ = {isa = PBXFileReference; lastKnownFileType = wrapper.framework; name = FMDB.framework; path = "Carthage/Checkouts/fmdb/build/Debug-iphoneos/FMDB.framework"; sourceTree = "<group>"; };
		CD7919781F38FA35009B69E3 /* SwiftyJSON.framework */ = {isa = PBXFileReference; lastKnownFileType = wrapper.framework; name = SwiftyJSON.framework; path = "Carthage/Checkouts/SwiftyJSON/build/Debug-iphoneos/SwiftyJSON.framework"; sourceTree = "<group>"; };
		CDBC699F1F41E81A0043024F /* DatabaseInstall.sql */ = {isa = PBXFileReference; fileEncoding = 4; lastKnownFileType = text; name = DatabaseInstall.sql; path = Scripts/DatabaseInstall.sql; sourceTree = "<group>"; };
		CDC966E61F40FF840029A40B /* DispatchQueueExtension.swift */ = {isa = PBXFileReference; fileEncoding = 4; lastKnownFileType = sourcecode.swift; path = DispatchQueueExtension.swift; sourceTree = "<group>"; };
/* End PBXFileReference section */

/* Begin PBXFrameworksBuildPhase section */
		CD2C55971F38F37D00D42254 /* Frameworks */ = {
			isa = PBXFrameworksBuildPhase;
			buildActionMask = 2147483647;
			files = (
				CD7919791F38FA35009B69E3 /* Alamofire.framework in Frameworks */,
				CD79197A1F38FA35009B69E3 /* FMDB.framework in Frameworks */,
				CD79197B1F38FA35009B69E3 /* SwiftyJSON.framework in Frameworks */,
			);
			runOnlyForDeploymentPostprocessing = 0;
		};
/* End PBXFrameworksBuildPhase section */

/* Begin PBXGroup section */
		CD2C55911F38F37D00D42254 = {
			isa = PBXGroup;
			children = (
				CD2C559D1F38F37D00D42254 /* PingPong */,
				CD2C559C1F38F37D00D42254 /* Products */,
				CD7919751F38FA35009B69E3 /* Frameworks */,
			);
			sourceTree = "<group>";
		};
		CD2C559C1F38F37D00D42254 /* Products */ = {
			isa = PBXGroup;
			children = (
				CD2C559B1F38F37D00D42254 /* PingPong.framework */,
			);
			name = Products;
			sourceTree = "<group>";
		};
		CD2C559D1F38F37D00D42254 /* PingPong */ = {
			isa = PBXGroup;
			children = (
				CDBC69A11F41E81D0043024F /* Scripts */,
				CD7919841F38FDFD009B69E3 /* BRDatabase */,
				CB442A0020E181D10042D97F /* AutomaticSyncTask.swift */,
				CD7919611F38F8F3009B69E3 /* BackgroundSync.swift */,
				CD7919621F38F8F3009B69E3 /* DataStore.swift */,
				CD7919631F38F8F3009B69E3 /* FileDelete.swift */,
				CD7919641F38F8F3009B69E3 /* FileUpload.swift */,
				CD7919651F38F8F3009B69E3 /* JsonObject.swift */,
				CD7919661F38F8F3009B69E3 /* NSDate+Utilities.swift */,
				CD7919671F38F8F3009B69E3 /* PingPong.swift */,
				CD7919681F38F8F3009B69E3 /* StashObject.swift */,
				CD7919691F38F8F3009B69E3 /* SyncObject.swift */,
				CD79196A1F38F8F3009B69E3 /* SyncTask.swift */,
				CD2C559F1F38F37D00D42254 /* Info.plist */,
				CDC966E61F40FF840029A40B /* DispatchQueueExtension.swift */,
			);
			path = PingPong;
			sourceTree = "<group>";
		};
		CD7919751F38FA35009B69E3 /* Frameworks */ = {
			isa = PBXGroup;
			children = (
				CD7919761F38FA35009B69E3 /* Alamofire.framework */,
				CD7919771F38FA35009B69E3 /* FMDB.framework */,
				CD7919781F38FA35009B69E3 /* SwiftyJSON.framework */,
			);
			name = Frameworks;
			sourceTree = "<group>";
		};
		CD7919841F38FDFD009B69E3 /* BRDatabase */ = {
			isa = PBXGroup;
			children = (
				CD40E7F31F3E406B00E12A79 /* BRDatabase.swift */,
			);
			name = BRDatabase;
			sourceTree = "<group>";
		};
		CDBC69A11F41E81D0043024F /* Scripts */ = {
			isa = PBXGroup;
			children = (
				CDBC699F1F41E81A0043024F /* DatabaseInstall.sql */,
			);
			name = Scripts;
			sourceTree = "<group>";
		};
/* End PBXGroup section */

/* Begin PBXHeadersBuildPhase section */
		CD2C55981F38F37D00D42254 /* Headers */ = {
			isa = PBXHeadersBuildPhase;
			buildActionMask = 2147483647;
			files = (
			);
			runOnlyForDeploymentPostprocessing = 0;
		};
/* End PBXHeadersBuildPhase section */

/* Begin PBXNativeTarget section */
		CD2C559A1F38F37D00D42254 /* PingPong */ = {
			isa = PBXNativeTarget;
			buildConfigurationList = CD2C55A31F38F37D00D42254 /* Build configuration list for PBXNativeTarget "PingPong" */;
			buildPhases = (
				CD2C55961F38F37D00D42254 /* Sources */,
				CD2C55971F38F37D00D42254 /* Frameworks */,
				CD2C55981F38F37D00D42254 /* Headers */,
				CD2C55991F38F37D00D42254 /* Resources */,
			);
			buildRules = (
			);
			dependencies = (
			);
			name = PingPong;
			productName = PingPong;
			productReference = CD2C559B1F38F37D00D42254 /* PingPong.framework */;
			productType = "com.apple.product-type.framework";
		};
/* End PBXNativeTarget section */

/* Begin PBXProject section */
		CD2C55921F38F37D00D42254 /* Project object */ = {
			isa = PBXProject;
			attributes = {
				LastUpgradeCheck = 0830;
				ORGANIZATIONNAME = "Beloved Robot";
				TargetAttributes = {
					CD2C559A1F38F37D00D42254 = {
						CreatedOnToolsVersion = 8.3.3;
						LastSwiftMigration = 0830;
						ProvisioningStyle = Automatic;
					};
				};
			};
			buildConfigurationList = CD2C55951F38F37D00D42254 /* Build configuration list for PBXProject "PingPong" */;
			compatibilityVersion = "Xcode 3.2";
			developmentRegion = English;
			hasScannedForEncodings = 0;
			knownRegions = (
				en,
			);
			mainGroup = CD2C55911F38F37D00D42254;
			productRefGroup = CD2C559C1F38F37D00D42254 /* Products */;
			projectDirPath = "";
			projectRoot = "";
			targets = (
				CD2C559A1F38F37D00D42254 /* PingPong */,
			);
		};
/* End PBXProject section */

/* Begin PBXResourcesBuildPhase section */
		CD2C55991F38F37D00D42254 /* Resources */ = {
			isa = PBXResourcesBuildPhase;
			buildActionMask = 2147483647;
			files = (
				CDBC69A01F41E81A0043024F /* DatabaseInstall.sql in Resources */,
			);
			runOnlyForDeploymentPostprocessing = 0;
		};
/* End PBXResourcesBuildPhase section */

/* Begin PBXSourcesBuildPhase section */
		CD2C55961F38F37D00D42254 /* Sources */ = {
			isa = PBXSourcesBuildPhase;
			buildActionMask = 2147483647;
			files = (
				CD79196E1F38F8F3009B69E3 /* FileUpload.swift in Sources */,
				CB442A0120E181D10042D97F /* AutomaticSyncTask.swift in Sources */,
				CD79196B1F38F8F3009B69E3 /* BackgroundSync.swift in Sources */,
				CD79196C1F38F8F3009B69E3 /* DataStore.swift in Sources */,
				CD7919731F38F8F3009B69E3 /* SyncObject.swift in Sources */,
				CD40E7F41F3E406B00E12A79 /* BRDatabase.swift in Sources */,
				CDC966E71F40FF840029A40B /* DispatchQueueExtension.swift in Sources */,
				CD7919711F38F8F3009B69E3 /* PingPong.swift in Sources */,
				CD7919701F38F8F3009B69E3 /* NSDate+Utilities.swift in Sources */,
				CD79196F1F38F8F3009B69E3 /* JsonObject.swift in Sources */,
				CD7919721F38F8F3009B69E3 /* StashObject.swift in Sources */,
				CD79196D1F38F8F3009B69E3 /* FileDelete.swift in Sources */,
				CD7919741F38F8F3009B69E3 /* SyncTask.swift in Sources */,
			);
			runOnlyForDeploymentPostprocessing = 0;
		};
/* End PBXSourcesBuildPhase section */

/* Begin XCBuildConfiguration section */
		CD2C55A11F38F37D00D42254 /* Debug */ = {
			isa = XCBuildConfiguration;
			buildSettings = {
				ALWAYS_SEARCH_USER_PATHS = NO;
				CLANG_ANALYZER_NONNULL = YES;
				CLANG_ANALYZER_NUMBER_OBJECT_CONVERSION = YES_AGGRESSIVE;
				CLANG_CXX_LANGUAGE_STANDARD = "gnu++0x";
				CLANG_CXX_LIBRARY = "libc++";
				CLANG_ENABLE_MODULES = YES;
				CLANG_ENABLE_OBJC_ARC = YES;
				CLANG_WARN_BOOL_CONVERSION = YES;
				CLANG_WARN_CONSTANT_CONVERSION = YES;
				CLANG_WARN_DIRECT_OBJC_ISA_USAGE = YES_ERROR;
				CLANG_WARN_DOCUMENTATION_COMMENTS = YES;
				CLANG_WARN_EMPTY_BODY = YES;
				CLANG_WARN_ENUM_CONVERSION = YES;
				CLANG_WARN_INFINITE_RECURSION = YES;
				CLANG_WARN_INT_CONVERSION = YES;
				CLANG_WARN_OBJC_ROOT_CLASS = YES_ERROR;
				CLANG_WARN_SUSPICIOUS_MOVE = YES;
				CLANG_WARN_UNREACHABLE_CODE = YES;
				CLANG_WARN__DUPLICATE_METHOD_MATCH = YES;
				"CODE_SIGN_IDENTITY[sdk=iphoneos*]" = "iPhone Developer";
				COPY_PHASE_STRIP = NO;
				CURRENT_PROJECT_VERSION = 1;
				DEBUG_INFORMATION_FORMAT = dwarf;
				ENABLE_STRICT_OBJC_MSGSEND = YES;
				ENABLE_TESTABILITY = YES;
				GCC_C_LANGUAGE_STANDARD = gnu99;
				GCC_DYNAMIC_NO_PIC = NO;
				GCC_NO_COMMON_BLOCKS = YES;
				GCC_OPTIMIZATION_LEVEL = 0;
				GCC_PREPROCESSOR_DEFINITIONS = (
					"DEBUG=1",
					"$(inherited)",
				);
				GCC_WARN_64_TO_32_BIT_CONVERSION = YES;
				GCC_WARN_ABOUT_RETURN_TYPE = YES_ERROR;
				GCC_WARN_UNDECLARED_SELECTOR = YES;
				GCC_WARN_UNINITIALIZED_AUTOS = YES_AGGRESSIVE;
				GCC_WARN_UNUSED_FUNCTION = YES;
				GCC_WARN_UNUSED_VARIABLE = YES;
				IPHONEOS_DEPLOYMENT_TARGET = 11.0;
				MTL_ENABLE_DEBUG_INFO = YES;
				ONLY_ACTIVE_ARCH = YES;
				SDKROOT = iphoneos;
				SWIFT_ACTIVE_COMPILATION_CONDITIONS = DEBUG;
				SWIFT_OPTIMIZATION_LEVEL = "-Onone";
				TARGETED_DEVICE_FAMILY = "1,2";
				VERSIONING_SYSTEM = "apple-generic";
				VERSION_INFO_PREFIX = "";
			};
			name = Debug;
		};
		CD2C55A21F38F37D00D42254 /* Release */ = {
			isa = XCBuildConfiguration;
			buildSettings = {
				ALWAYS_SEARCH_USER_PATHS = NO;
				CLANG_ANALYZER_NONNULL = YES;
				CLANG_ANALYZER_NUMBER_OBJECT_CONVERSION = YES_AGGRESSIVE;
				CLANG_CXX_LANGUAGE_STANDARD = "gnu++0x";
				CLANG_CXX_LIBRARY = "libc++";
				CLANG_ENABLE_MODULES = YES;
				CLANG_ENABLE_OBJC_ARC = YES;
				CLANG_WARN_BOOL_CONVERSION = YES;
				CLANG_WARN_CONSTANT_CONVERSION = YES;
				CLANG_WARN_DIRECT_OBJC_ISA_USAGE = YES_ERROR;
				CLANG_WARN_DOCUMENTATION_COMMENTS = YES;
				CLANG_WARN_EMPTY_BODY = YES;
				CLANG_WARN_ENUM_CONVERSION = YES;
				CLANG_WARN_INFINITE_RECURSION = YES;
				CLANG_WARN_INT_CONVERSION = YES;
				CLANG_WARN_OBJC_ROOT_CLASS = YES_ERROR;
				CLANG_WARN_SUSPICIOUS_MOVE = YES;
				CLANG_WARN_UNREACHABLE_CODE = YES;
				CLANG_WARN__DUPLICATE_METHOD_MATCH = YES;
				"CODE_SIGN_IDENTITY[sdk=iphoneos*]" = "iPhone Developer";
				COPY_PHASE_STRIP = NO;
				CURRENT_PROJECT_VERSION = 1;
				DEBUG_INFORMATION_FORMAT = "dwarf-with-dsym";
				ENABLE_NS_ASSERTIONS = NO;
				ENABLE_STRICT_OBJC_MSGSEND = YES;
				GCC_C_LANGUAGE_STANDARD = gnu99;
				GCC_NO_COMMON_BLOCKS = YES;
				GCC_WARN_64_TO_32_BIT_CONVERSION = YES;
				GCC_WARN_ABOUT_RETURN_TYPE = YES_ERROR;
				GCC_WARN_UNDECLARED_SELECTOR = YES;
				GCC_WARN_UNINITIALIZED_AUTOS = YES_AGGRESSIVE;
				GCC_WARN_UNUSED_FUNCTION = YES;
				GCC_WARN_UNUSED_VARIABLE = YES;
				IPHONEOS_DEPLOYMENT_TARGET = 11.0;
				MTL_ENABLE_DEBUG_INFO = NO;
				SDKROOT = iphoneos;
				SWIFT_OPTIMIZATION_LEVEL = "-Owholemodule";
				TARGETED_DEVICE_FAMILY = "1,2";
				VALIDATE_PRODUCT = YES;
				VERSIONING_SYSTEM = "apple-generic";
				VERSION_INFO_PREFIX = "";
			};
			name = Release;
		};
		CD2C55A41F38F37D00D42254 /* Debug */ = {
			isa = XCBuildConfiguration;
			buildSettings = {
				CLANG_ENABLE_MODULES = YES;
				CODE_SIGN_IDENTITY = "";
				DEFINES_MODULE = YES;
				DYLIB_COMPATIBILITY_VERSION = 1;
				DYLIB_CURRENT_VERSION = 1;
				DYLIB_INSTALL_NAME_BASE = "@rpath";
				FRAMEWORK_SEARCH_PATHS = "$(inherited)";
				INFOPLIST_FILE = PingPong/Info.plist;
				INSTALL_PATH = "$(LOCAL_LIBRARY_DIR)/Frameworks";
				LD_RUNPATH_SEARCH_PATHS = "$(inherited) @executable_path/Frameworks @loader_path/Frameworks";
				PRODUCT_BUNDLE_IDENTIFIER = com.belovedrobot.PingPong;
				PRODUCT_NAME = "$(TARGET_NAME)";
				SKIP_INSTALL = YES;
				SWIFT_OBJC_BRIDGING_HEADER = "";
				SWIFT_OPTIMIZATION_LEVEL = "-Onone";
				SWIFT_VERSION = 3.0;
			};
			name = Debug;
		};
		CD2C55A51F38F37D00D42254 /* Release */ = {
			isa = XCBuildConfiguration;
			buildSettings = {
				CLANG_ENABLE_MODULES = YES;
				CODE_SIGN_IDENTITY = "";
				DEFINES_MODULE = YES;
				DYLIB_COMPATIBILITY_VERSION = 1;
				DYLIB_CURRENT_VERSION = 1;
				DYLIB_INSTALL_NAME_BASE = "@rpath";
				FRAMEWORK_SEARCH_PATHS = "$(inherited)";
				INFOPLIST_FILE = PingPong/Info.plist;
				INSTALL_PATH = "$(LOCAL_LIBRARY_DIR)/Frameworks";
				LD_RUNPATH_SEARCH_PATHS = "$(inherited) @executable_path/Frameworks @loader_path/Frameworks";
				PRODUCT_BUNDLE_IDENTIFIER = com.belovedrobot.PingPong;
				PRODUCT_NAME = "$(TARGET_NAME)";
				SKIP_INSTALL = YES;
				SWIFT_OBJC_BRIDGING_HEADER = "";
				SWIFT_VERSION = 3.0;
			};
			name = Release;
		};
/* End XCBuildConfiguration section */

/* Begin XCConfigurationList section */
		CD2C55951F38F37D00D42254 /* Build configuration list for PBXProject "PingPong" */ = {
			isa = XCConfigurationList;
			buildConfigurations = (
				CD2C55A11F38F37D00D42254 /* Debug */,
				CD2C55A21F38F37D00D42254 /* Release */,
			);
			defaultConfigurationIsVisible = 0;
			defaultConfigurationName = Release;
		};
		CD2C55A31F38F37D00D42254 /* Build configuration list for PBXNativeTarget "PingPong" */ = {
			isa = XCConfigurationList;
			buildConfigurations = (
				CD2C55A41F38F37D00D42254 /* Debug */,
				CD2C55A51F38F37D00D42254 /* Release */,
			);
			defaultConfigurationIsVisible = 0;
			defaultConfigurationName = Release;
		};
/* End XCConfigurationList section */
	};
	rootObject = CD2C55921F38F37D00D42254 /* Project object */;
}
