// !$*UTF8*$!
{
	archiveVersion = 1;
	classes = {
	};
	objectVersion = 46;
	objects = {

/* Begin PBXBuildFile section */
		099BBC292FBAB83A6689070D /* Pods_CandidateInterviewUITests.framework in Frameworks */ = {isa = PBXBuildFile; fileRef = C8F8E4D112CB92B5F38D8203 /* Pods_CandidateInterviewUITests.framework */; };
		942D2A7577AE5751448F1901 /* Pods_PingPongSampleUITests.framework in Frameworks */ = {isa = PBXBuildFile; fileRef = 887F3AA1F94438907092A188 /* Pods_PingPongSampleUITests.framework */; };
		CD9246F91F42125D001BD6D4 /* BaseViewController.swift in Sources */ = {isa = PBXBuildFile; fileRef = CD9246F61F42125D001BD6D4 /* BaseViewController.swift */; };
		CD9246FA1F42125D001BD6D4 /* CreateTeamViewController.swift in Sources */ = {isa = PBXBuildFile; fileRef = CD9246F71F42125D001BD6D4 /* CreateTeamViewController.swift */; };
		CD9246FB1F42125D001BD6D4 /* DetailTeamViewController.swift in Sources */ = {isa = PBXBuildFile; fileRef = CD9246F81F42125D001BD6D4 /* DetailTeamViewController.swift */; };
		CD9246FF1F421273001BD6D4 /* Team.swift in Sources */ = {isa = PBXBuildFile; fileRef = CD9246FE1F421273001BD6D4 /* Team.swift */; };
		CD9247011F4212A7001BD6D4 /* FetchTeams.swift in Sources */ = {isa = PBXBuildFile; fileRef = CD9247001F4212A7001BD6D4 /* FetchTeams.swift */; };
		CD9247061F4212C3001BD6D4 /* AppDelegate.swift in Sources */ = {isa = PBXBuildFile; fileRef = CD9247021F4212C2001BD6D4 /* AppDelegate.swift */; };
		CD9247071F4212C3001BD6D4 /* Assets.xcassets in Resources */ = {isa = PBXBuildFile; fileRef = CD9247031F4212C2001BD6D4 /* Assets.xcassets */; };
		CD9247081F4212C3001BD6D4 /* Constants.swift in Sources */ = {isa = PBXBuildFile; fileRef = CD9247041F4212C2001BD6D4 /* Constants.swift */; };
		CD92470E1F4212D7001BD6D4 /* LaunchScreen.storyboard in Resources */ = {isa = PBXBuildFile; fileRef = CD92470A1F4212D7001BD6D4 /* LaunchScreen.storyboard */; };
		CD92470F1F4212D7001BD6D4 /* Main.storyboard in Resources */ = {isa = PBXBuildFile; fileRef = CD92470C1F4212D7001BD6D4 /* Main.storyboard */; };
		CD9247111F4212EC001BD6D4 /* TeamsViewController.swift in Sources */ = {isa = PBXBuildFile; fileRef = CD9247101F4212EC001BD6D4 /* TeamsViewController.swift */; };
		CD9B9C591F421830008E9054 /* libsqlite3.tbd in Frameworks */ = {isa = PBXBuildFile; fileRef = CBFB00501EFAD19B004D7CBB /* libsqlite3.tbd */; };
		EB9A55EA1EFF1B92009C2448 /* TestUtils.swift in Sources */ = {isa = PBXBuildFile; fileRef = EB9A55E91EFF1B92009C2448 /* TestUtils.swift */; };
		EBB9A1FE1EFC50D30015632B /* CandidateInterviewUITests.swift in Sources */ = {isa = PBXBuildFile; fileRef = EBB9A1FD1EFC50D30015632B /* CandidateInterviewUITests.swift */; };
/* End PBXBuildFile section */

/* Begin PBXContainerItemProxy section */
		EBB9A2001EFC50D30015632B /* PBXContainerItemProxy */ = {
			isa = PBXContainerItemProxy;
			containerPortal = CBFBFF4E1EFACF2B004D7CBB /* Project object */;
			proxyType = 1;
			remoteGlobalIDString = CBFBFF551EFACF2B004D7CBB;
			remoteInfo = CandidateInterview;
		};
/* End PBXContainerItemProxy section */

/* Begin PBXFileReference section */
		411A23A80AF854B7D81A1371 /* Pods-PingPongSampleUITests.release.xcconfig */ = {isa = PBXFileReference; includeInIndex = 1; lastKnownFileType = text.xcconfig; name = "Pods-PingPongSampleUITests.release.xcconfig"; path = "Pods/Target Support Files/Pods-PingPongSampleUITests/Pods-PingPongSampleUITests.release.xcconfig"; sourceTree = "<group>"; };
		418EB6732F0E224E0777EB87 /* Pods-PingPongSample.release.xcconfig */ = {isa = PBXFileReference; includeInIndex = 1; lastKnownFileType = text.xcconfig; name = "Pods-PingPongSample.release.xcconfig"; path = "Pods/Target Support Files/Pods-PingPongSample/Pods-PingPongSample.release.xcconfig"; sourceTree = "<group>"; };
		5C23BB9D553274CD920B4FA8 /* Pods-PingPongSampleUITests.debug.xcconfig */ = {isa = PBXFileReference; includeInIndex = 1; lastKnownFileType = text.xcconfig; name = "Pods-PingPongSampleUITests.debug.xcconfig"; path = "Pods/Target Support Files/Pods-PingPongSampleUITests/Pods-PingPongSampleUITests.debug.xcconfig"; sourceTree = "<group>"; };
		5FA096FD76474806876BBDD7 /* Pods-CandidateInterviewUITests.release.xcconfig */ = {isa = PBXFileReference; includeInIndex = 1; lastKnownFileType = text.xcconfig; name = "Pods-CandidateInterviewUITests.release.xcconfig"; path = "Pods/Target Support Files/Pods-CandidateInterviewUITests/Pods-CandidateInterviewUITests.release.xcconfig"; sourceTree = "<group>"; };
		63B84FCCB09EA811726769B0 /* Pods-CandidateInterviewUITests.debug.xcconfig */ = {isa = PBXFileReference; includeInIndex = 1; lastKnownFileType = text.xcconfig; name = "Pods-CandidateInterviewUITests.debug.xcconfig"; path = "Pods/Target Support Files/Pods-CandidateInterviewUITests/Pods-CandidateInterviewUITests.debug.xcconfig"; sourceTree = "<group>"; };
		83BB9398D4A21AA1827A0CDD /* Pods-CandidateInterview.debug.xcconfig */ = {isa = PBXFileReference; includeInIndex = 1; lastKnownFileType = text.xcconfig; name = "Pods-CandidateInterview.debug.xcconfig"; path = "Pods/Target Support Files/Pods-CandidateInterview/Pods-CandidateInterview.debug.xcconfig"; sourceTree = "<group>"; };
		887F3AA1F94438907092A188 /* Pods_PingPongSampleUITests.framework */ = {isa = PBXFileReference; explicitFileType = wrapper.framework; includeInIndex = 0; path = Pods_PingPongSampleUITests.framework; sourceTree = BUILT_PRODUCTS_DIR; };
		8D50DE6E925868C6CC268B46 /* Pods-PingPongSample.debug.xcconfig */ = {isa = PBXFileReference; includeInIndex = 1; lastKnownFileType = text.xcconfig; name = "Pods-PingPongSample.debug.xcconfig"; path = "Pods/Target Support Files/Pods-PingPongSample/Pods-PingPongSample.debug.xcconfig"; sourceTree = "<group>"; };
		BBFE122558FB91A58FAA6E1C /* Pods_CandidateInterview.framework */ = {isa = PBXFileReference; explicitFileType = wrapper.framework; includeInIndex = 0; path = Pods_CandidateInterview.framework; sourceTree = BUILT_PRODUCTS_DIR; };
		BCBB320A5239FE19F2E90397 /* Pods-CandidateInterview.release.xcconfig */ = {isa = PBXFileReference; includeInIndex = 1; lastKnownFileType = text.xcconfig; name = "Pods-CandidateInterview.release.xcconfig"; path = "Pods/Target Support Files/Pods-CandidateInterview/Pods-CandidateInterview.release.xcconfig"; sourceTree = "<group>"; };
		C8F8E4D112CB92B5F38D8203 /* Pods_CandidateInterviewUITests.framework */ = {isa = PBXFileReference; explicitFileType = wrapper.framework; includeInIndex = 0; path = Pods_CandidateInterviewUITests.framework; sourceTree = BUILT_PRODUCTS_DIR; };
		CBFB00501EFAD19B004D7CBB /* libsqlite3.tbd */ = {isa = PBXFileReference; lastKnownFileType = "sourcecode.text-based-dylib-definition"; name = libsqlite3.tbd; path = usr/lib/libsqlite3.tbd; sourceTree = SDKROOT; };
		CBFBFF561EFACF2B004D7CBB /* PingPongSample.app */ = {isa = PBXFileReference; explicitFileType = wrapper.application; includeInIndex = 0; path = PingPongSample.app; sourceTree = BUILT_PRODUCTS_DIR; };
		CD9246F61F42125D001BD6D4 /* BaseViewController.swift */ = {isa = PBXFileReference; fileEncoding = 4; lastKnownFileType = sourcecode.swift; name = BaseViewController.swift; path = PingPongSample/ViewControllers/BaseViewController.swift; sourceTree = SOURCE_ROOT; };
		CD9246F71F42125D001BD6D4 /* CreateTeamViewController.swift */ = {isa = PBXFileReference; fileEncoding = 4; lastKnownFileType = sourcecode.swift; name = CreateTeamViewController.swift; path = PingPongSample/ViewControllers/CreateTeamViewController.swift; sourceTree = SOURCE_ROOT; };
		CD9246F81F42125D001BD6D4 /* DetailTeamViewController.swift */ = {isa = PBXFileReference; fileEncoding = 4; lastKnownFileType = sourcecode.swift; name = DetailTeamViewController.swift; path = PingPongSample/ViewControllers/DetailTeamViewController.swift; sourceTree = SOURCE_ROOT; };
		CD9246FE1F421273001BD6D4 /* Team.swift */ = {isa = PBXFileReference; fileEncoding = 4; lastKnownFileType = sourcecode.swift; name = Team.swift; path = PingPongSample/Entities/Team.swift; sourceTree = SOURCE_ROOT; };
		CD9247001F4212A7001BD6D4 /* FetchTeams.swift */ = {isa = PBXFileReference; fileEncoding = 4; lastKnownFileType = sourcecode.swift; name = FetchTeams.swift; path = PingPongSample/FetchTeams.swift; sourceTree = SOURCE_ROOT; };
		CD9247021F4212C2001BD6D4 /* AppDelegate.swift */ = {isa = PBXFileReference; fileEncoding = 4; lastKnownFileType = sourcecode.swift; name = AppDelegate.swift; path = PingPongSample/AppDelegate.swift; sourceTree = SOURCE_ROOT; };
		CD9247031F4212C2001BD6D4 /* Assets.xcassets */ = {isa = PBXFileReference; lastKnownFileType = folder.assetcatalog; name = Assets.xcassets; path = PingPongSample/Assets.xcassets; sourceTree = SOURCE_ROOT; };
		CD9247041F4212C2001BD6D4 /* Constants.swift */ = {isa = PBXFileReference; fileEncoding = 4; lastKnownFileType = sourcecode.swift; name = Constants.swift; path = PingPongSample/Constants.swift; sourceTree = SOURCE_ROOT; };
		CD9247051F4212C3001BD6D4 /* Info.plist */ = {isa = PBXFileReference; fileEncoding = 4; lastKnownFileType = text.plist.xml; name = Info.plist; path = PingPongSample/Info.plist; sourceTree = SOURCE_ROOT; };
		CD92470B1F4212D7001BD6D4 /* Base */ = {isa = PBXFileReference; lastKnownFileType = file.storyboard; name = Base; path = PingPongSample/Base.lproj/LaunchScreen.storyboard; sourceTree = SOURCE_ROOT; };
		CD92470D1F4212D7001BD6D4 /* Base */ = {isa = PBXFileReference; lastKnownFileType = file.storyboard; name = Base; path = PingPongSample/Base.lproj/Main.storyboard; sourceTree = SOURCE_ROOT; };
		CD9247101F4212EC001BD6D4 /* TeamsViewController.swift */ = {isa = PBXFileReference; fileEncoding = 4; lastKnownFileType = sourcecode.swift; name = TeamsViewController.swift; path = PingPongSample/TeamsViewController.swift; sourceTree = SOURCE_ROOT; };
		DC81239B8AE105B13D3AC80A /* Pods_PingPongSample.framework */ = {isa = PBXFileReference; explicitFileType = wrapper.framework; includeInIndex = 0; path = Pods_PingPongSample.framework; sourceTree = BUILT_PRODUCTS_DIR; };
		EB9A55E91EFF1B92009C2448 /* TestUtils.swift */ = {isa = PBXFileReference; fileEncoding = 4; lastKnownFileType = sourcecode.swift; path = TestUtils.swift; sourceTree = "<group>"; };
		EBB9A1FB1EFC50D30015632B /* PingPongSampleUITests.xctest */ = {isa = PBXFileReference; explicitFileType = wrapper.cfbundle; includeInIndex = 0; path = PingPongSampleUITests.xctest; sourceTree = BUILT_PRODUCTS_DIR; };
		EBB9A1FD1EFC50D30015632B /* CandidateInterviewUITests.swift */ = {isa = PBXFileReference; lastKnownFileType = sourcecode.swift; path = CandidateInterviewUITests.swift; sourceTree = "<group>"; };
		EBB9A1FF1EFC50D30015632B /* Info.plist */ = {isa = PBXFileReference; lastKnownFileType = text.plist.xml; path = Info.plist; sourceTree = "<group>"; };
/* End PBXFileReference section */

/* Begin PBXFrameworksBuildPhase section */
		CBFBFF531EFACF2B004D7CBB /* Frameworks */ = {
			isa = PBXFrameworksBuildPhase;
			buildActionMask = 2147483647;
			files = (
				CD9B9C591F421830008E9054 /* libsqlite3.tbd in Frameworks */,
			);
			runOnlyForDeploymentPostprocessing = 0;
		};
		EBB9A1F81EFC50D30015632B /* Frameworks */ = {
			isa = PBXFrameworksBuildPhase;
			buildActionMask = 2147483647;
			files = (
				099BBC292FBAB83A6689070D /* Pods_CandidateInterviewUITests.framework in Frameworks */,
				942D2A7577AE5751448F1901 /* Pods_PingPongSampleUITests.framework in Frameworks */,
			);
			runOnlyForDeploymentPostprocessing = 0;
		};
/* End PBXFrameworksBuildPhase section */

/* Begin PBXGroup section */
		6BE2A0F87A9515C8DC5D85E1 /* Pods */ = {
			isa = PBXGroup;
			children = (
				83BB9398D4A21AA1827A0CDD /* Pods-CandidateInterview.debug.xcconfig */,
				BCBB320A5239FE19F2E90397 /* Pods-CandidateInterview.release.xcconfig */,
				63B84FCCB09EA811726769B0 /* Pods-CandidateInterviewUITests.debug.xcconfig */,
				5FA096FD76474806876BBDD7 /* Pods-CandidateInterviewUITests.release.xcconfig */,
				8D50DE6E925868C6CC268B46 /* Pods-PingPongSample.debug.xcconfig */,
				418EB6732F0E224E0777EB87 /* Pods-PingPongSample.release.xcconfig */,
				5C23BB9D553274CD920B4FA8 /* Pods-PingPongSampleUITests.debug.xcconfig */,
				411A23A80AF854B7D81A1371 /* Pods-PingPongSampleUITests.release.xcconfig */,
			);
			name = Pods;
			sourceTree = "<group>";
		};
		CBFB004F1EFAD19B004D7CBB /* Frameworks */ = {
			isa = PBXGroup;
			children = (
				CBFB00501EFAD19B004D7CBB /* libsqlite3.tbd */,
				BBFE122558FB91A58FAA6E1C /* Pods_CandidateInterview.framework */,
				C8F8E4D112CB92B5F38D8203 /* Pods_CandidateInterviewUITests.framework */,
				DC81239B8AE105B13D3AC80A /* Pods_PingPongSample.framework */,
				887F3AA1F94438907092A188 /* Pods_PingPongSampleUITests.framework */,
			);
			name = Frameworks;
			sourceTree = "<group>";
		};
		CBFB00521EFAD27B004D7CBB /* SyncTasks */ = {
			isa = PBXGroup;
			children = (
				CD9247001F4212A7001BD6D4 /* FetchTeams.swift */,
			);
			name = SyncTasks;
			sourceTree = "<group>";
		};
		CBFBFF4D1EFACF2B004D7CBB = {
			isa = PBXGroup;
			children = (
				CBFBFF581EFACF2B004D7CBB /* PingPongSample */,
				EBB9A1FC1EFC50D30015632B /* PingPongUITests */,
				CBFBFF571EFACF2B004D7CBB /* Products */,
				CBFB004F1EFAD19B004D7CBB /* Frameworks */,
				6BE2A0F87A9515C8DC5D85E1 /* Pods */,
			);
			sourceTree = "<group>";
		};
		CBFBFF571EFACF2B004D7CBB /* Products */ = {
			isa = PBXGroup;
			children = (
				CBFBFF561EFACF2B004D7CBB /* PingPongSample.app */,
				EBB9A1FB1EFC50D30015632B /* PingPongSampleUITests.xctest */,
			);
			name = Products;
			sourceTree = "<group>";
		};
		CBFBFF581EFACF2B004D7CBB /* PingPongSample */ = {
			isa = PBXGroup;
			children = (
				CD92470C1F4212D7001BD6D4 /* Main.storyboard */,
				EBB9A1F01EFC35E00015632B /* ViewControllers */,
				EB75FCB71EFC06CB008A7B8C /* Entities */,
				CBFB00521EFAD27B004D7CBB /* SyncTasks */,
				EB75FCB61EFC050C008A7B8C /* Supporting Files */,
			);
			name = PingPongSample;
			path = CandidateInterview;
			sourceTree = "<group>";
		};
		EB75FCB61EFC050C008A7B8C /* Supporting Files */ = {
			isa = PBXGroup;
			children = (
				CD92470A1F4212D7001BD6D4 /* LaunchScreen.storyboard */,
				CD9247021F4212C2001BD6D4 /* AppDelegate.swift */,
				CD9247031F4212C2001BD6D4 /* Assets.xcassets */,
				CD9247041F4212C2001BD6D4 /* Constants.swift */,
				CD9247051F4212C3001BD6D4 /* Info.plist */,
			);
			name = "Supporting Files";
			sourceTree = "<group>";
		};
		EB75FCB71EFC06CB008A7B8C /* Entities */ = {
			isa = PBXGroup;
			children = (
				CD9246FE1F421273001BD6D4 /* Team.swift */,
			);
			name = Entities;
			sourceTree = "<group>";
		};
		EB9A55EB1EFF215D009C2448 /* Supporting Files */ = {
			isa = PBXGroup;
			children = (
				EBB9A1FF1EFC50D30015632B /* Info.plist */,
				EB9A55E91EFF1B92009C2448 /* TestUtils.swift */,
			);
			name = "Supporting Files";
			sourceTree = "<group>";
		};
		EBB9A1F01EFC35E00015632B /* ViewControllers */ = {
			isa = PBXGroup;
			children = (
				CD9247101F4212EC001BD6D4 /* TeamsViewController.swift */,
				CD9246F61F42125D001BD6D4 /* BaseViewController.swift */,
				CD9246F71F42125D001BD6D4 /* CreateTeamViewController.swift */,
				CD9246F81F42125D001BD6D4 /* DetailTeamViewController.swift */,
			);
			name = ViewControllers;
			sourceTree = "<group>";
		};
		EBB9A1FC1EFC50D30015632B /* PingPongUITests */ = {
			isa = PBXGroup;
			children = (
				EB9A55EB1EFF215D009C2448 /* Supporting Files */,
				EBB9A1FD1EFC50D30015632B /* CandidateInterviewUITests.swift */,
			);
			name = PingPongUITests;
			path = CandidateInterviewUITests;
			sourceTree = "<group>";
		};
/* End PBXGroup section */

/* Begin PBXNativeTarget section */
		CBFBFF551EFACF2B004D7CBB /* PingPongSample */ = {
			isa = PBXNativeTarget;
			buildConfigurationList = CBFBFF681EFACF2B004D7CBB /* Build configuration list for PBXNativeTarget "PingPongSample" */;
			buildPhases = (
				52000872C535BAB85604DE2C /* [CP] Check Pods Manifest.lock */,
				CBFBFF521EFACF2B004D7CBB /* Sources */,
				CBFBFF531EFACF2B004D7CBB /* Frameworks */,
				CBFBFF541EFACF2B004D7CBB /* Resources */,
				42FEF986F26168E0774CE5FC /* [CP] Embed Pods Frameworks */,
				D4AA295247F756B6D6878975 /* [CP] Copy Pods Resources */,
			);
			buildRules = (
			);
			dependencies = (
			);
			name = PingPongSample;
			productName = CandidateInterview;
			productReference = CBFBFF561EFACF2B004D7CBB /* PingPongSample.app */;
			productType = "com.apple.product-type.application";
		};
		EBB9A1FA1EFC50D30015632B /* PingPongSampleUITests */ = {
			isa = PBXNativeTarget;
			buildConfigurationList = EBB9A2021EFC50D40015632B /* Build configuration list for PBXNativeTarget "PingPongSampleUITests" */;
			buildPhases = (
				6221004DB1B54F285F7EDA86 /* [CP] Check Pods Manifest.lock */,
				EBB9A1F71EFC50D30015632B /* Sources */,
				EBB9A1F81EFC50D30015632B /* Frameworks */,
				EBB9A1F91EFC50D30015632B /* Resources */,
				3C3A4BDA08ED5F0664E3DB30 /* [CP] Embed Pods Frameworks */,
				2B40FBF8DAB46AC95CC0BF09 /* [CP] Copy Pods Resources */,
			);
			buildRules = (
			);
			dependencies = (
				EBB9A2011EFC50D30015632B /* PBXTargetDependency */,
			);
			name = PingPongSampleUITests;
			productName = CandidateInterviewUITests;
			productReference = EBB9A1FB1EFC50D30015632B /* PingPongSampleUITests.xctest */;
			productType = "com.apple.product-type.bundle.ui-testing";
		};
/* End PBXNativeTarget section */

/* Begin PBXProject section */
		CBFBFF4E1EFACF2B004D7CBB /* Project object */ = {
			isa = PBXProject;
			attributes = {
				LastSwiftUpdateCheck = 0830;
				LastUpgradeCheck = 0830;
				ORGANIZATIONNAME = "Beloved Robot";
				TargetAttributes = {
					CBFBFF551EFACF2B004D7CBB = {
						CreatedOnToolsVersion = 8.3.3;
						LastSwiftMigration = 0830;
						ProvisioningStyle = Automatic;
					};
					EBB9A1FA1EFC50D30015632B = {
						CreatedOnToolsVersion = 8.3.3;
						DevelopmentTeam = PGMQB236A6;
						ProvisioningStyle = Automatic;
						TestTargetID = CBFBFF551EFACF2B004D7CBB;
					};
				};
			};
			buildConfigurationList = CBFBFF511EFACF2B004D7CBB /* Build configuration list for PBXProject "PingPongSample" */;
			compatibilityVersion = "Xcode 3.2";
			developmentRegion = English;
			hasScannedForEncodings = 0;
			knownRegions = (
				en,
				Base,
			);
			mainGroup = CBFBFF4D1EFACF2B004D7CBB;
			productRefGroup = CBFBFF571EFACF2B004D7CBB /* Products */;
			projectDirPath = "";
			projectRoot = "";
			targets = (
				CBFBFF551EFACF2B004D7CBB /* PingPongSample */,
				EBB9A1FA1EFC50D30015632B /* PingPongSampleUITests */,
			);
		};
/* End PBXProject section */

/* Begin PBXResourcesBuildPhase section */
		CBFBFF541EFACF2B004D7CBB /* Resources */ = {
			isa = PBXResourcesBuildPhase;
			buildActionMask = 2147483647;
			files = (
				CD92470E1F4212D7001BD6D4 /* LaunchScreen.storyboard in Resources */,
				CD9247071F4212C3001BD6D4 /* Assets.xcassets in Resources */,
				CD92470F1F4212D7001BD6D4 /* Main.storyboard in Resources */,
			);
			runOnlyForDeploymentPostprocessing = 0;
		};
		EBB9A1F91EFC50D30015632B /* Resources */ = {
			isa = PBXResourcesBuildPhase;
			buildActionMask = 2147483647;
			files = (
			);
			runOnlyForDeploymentPostprocessing = 0;
		};
/* End PBXResourcesBuildPhase section */

/* Begin PBXShellScriptBuildPhase section */
		2B40FBF8DAB46AC95CC0BF09 /* [CP] Copy Pods Resources */ = {
			isa = PBXShellScriptBuildPhase;
			buildActionMask = 2147483647;
			files = (
			);
			inputPaths = (
			);
			name = "[CP] Copy Pods Resources";
			outputPaths = (
			);
			runOnlyForDeploymentPostprocessing = 0;
			shellPath = /bin/sh;
			shellScript = "\"${SRCROOT}/Pods/Target Support Files/Pods-PingPongSampleUITests/Pods-PingPongSampleUITests-resources.sh\"\n";
			showEnvVarsInLog = 0;
		};
		3C3A4BDA08ED5F0664E3DB30 /* [CP] Embed Pods Frameworks */ = {
			isa = PBXShellScriptBuildPhase;
			buildActionMask = 2147483647;
			files = (
			);
			inputPaths = (
			);
			name = "[CP] Embed Pods Frameworks";
			outputPaths = (
			);
			runOnlyForDeploymentPostprocessing = 0;
			shellPath = /bin/sh;
			shellScript = "\"${SRCROOT}/Pods/Target Support Files/Pods-PingPongSampleUITests/Pods-PingPongSampleUITests-frameworks.sh\"\n";
			showEnvVarsInLog = 0;
		};
		42FEF986F26168E0774CE5FC /* [CP] Embed Pods Frameworks */ = {
			isa = PBXShellScriptBuildPhase;
			buildActionMask = 2147483647;
			files = (
			);
			inputPaths = (
			);
			name = "[CP] Embed Pods Frameworks";
			outputPaths = (
			);
			runOnlyForDeploymentPostprocessing = 0;
			shellPath = /bin/sh;
			shellScript = "\"${SRCROOT}/Pods/Target Support Files/Pods-PingPongSample/Pods-PingPongSample-frameworks.sh\"\n";
			showEnvVarsInLog = 0;
		};
		52000872C535BAB85604DE2C /* [CP] Check Pods Manifest.lock */ = {
			isa = PBXShellScriptBuildPhase;
			buildActionMask = 2147483647;
			files = (
			);
			inputPaths = (
			);
			name = "[CP] Check Pods Manifest.lock";
			outputPaths = (
			);
			runOnlyForDeploymentPostprocessing = 0;
			shellPath = /bin/sh;
			shellScript = "diff \"${PODS_PODFILE_DIR_PATH}/Podfile.lock\" \"${PODS_ROOT}/Manifest.lock\" > /dev/null\nif [ $? != 0 ] ; then\n    # print error to STDERR\n    echo \"error: The sandbox is not in sync with the Podfile.lock. Run 'pod install' or update your CocoaPods installation.\" >&2\n    exit 1\nfi\n";
			showEnvVarsInLog = 0;
		};
		6221004DB1B54F285F7EDA86 /* [CP] Check Pods Manifest.lock */ = {
			isa = PBXShellScriptBuildPhase;
			buildActionMask = 2147483647;
			files = (
			);
			inputPaths = (
			);
			name = "[CP] Check Pods Manifest.lock";
			outputPaths = (
			);
			runOnlyForDeploymentPostprocessing = 0;
			shellPath = /bin/sh;
			shellScript = "diff \"${PODS_PODFILE_DIR_PATH}/Podfile.lock\" \"${PODS_ROOT}/Manifest.lock\" > /dev/null\nif [ $? != 0 ] ; then\n    # print error to STDERR\n    echo \"error: The sandbox is not in sync with the Podfile.lock. Run 'pod install' or update your CocoaPods installation.\" >&2\n    exit 1\nfi\n";
			showEnvVarsInLog = 0;
		};
		D4AA295247F756B6D6878975 /* [CP] Copy Pods Resources */ = {
			isa = PBXShellScriptBuildPhase;
			buildActionMask = 2147483647;
			files = (
			);
			inputPaths = (
			);
			name = "[CP] Copy Pods Resources";
			outputPaths = (
			);
			runOnlyForDeploymentPostprocessing = 0;
			shellPath = /bin/sh;
			shellScript = "\"${SRCROOT}/Pods/Target Support Files/Pods-PingPongSample/Pods-PingPongSample-resources.sh\"\n";
			showEnvVarsInLog = 0;
		};
/* End PBXShellScriptBuildPhase section */

/* Begin PBXSourcesBuildPhase section */
		CBFBFF521EFACF2B004D7CBB /* Sources */ = {
			isa = PBXSourcesBuildPhase;
			buildActionMask = 2147483647;
			files = (
				CD9247061F4212C3001BD6D4 /* AppDelegate.swift in Sources */,
				CD9246FF1F421273001BD6D4 /* Team.swift in Sources */,
				CD9246F91F42125D001BD6D4 /* BaseViewController.swift in Sources */,
				CD9247011F4212A7001BD6D4 /* FetchTeams.swift in Sources */,
				CD9247081F4212C3001BD6D4 /* Constants.swift in Sources */,
				CD9247111F4212EC001BD6D4 /* TeamsViewController.swift in Sources */,
				CD9246FA1F42125D001BD6D4 /* CreateTeamViewController.swift in Sources */,
				CD9246FB1F42125D001BD6D4 /* DetailTeamViewController.swift in Sources */,
			);
			runOnlyForDeploymentPostprocessing = 0;
		};
		EBB9A1F71EFC50D30015632B /* Sources */ = {
			isa = PBXSourcesBuildPhase;
			buildActionMask = 2147483647;
			files = (
				EBB9A1FE1EFC50D30015632B /* CandidateInterviewUITests.swift in Sources */,
				EB9A55EA1EFF1B92009C2448 /* TestUtils.swift in Sources */,
			);
			runOnlyForDeploymentPostprocessing = 0;
		};
/* End PBXSourcesBuildPhase section */

/* Begin PBXTargetDependency section */
		EBB9A2011EFC50D30015632B /* PBXTargetDependency */ = {
			isa = PBXTargetDependency;
			target = CBFBFF551EFACF2B004D7CBB /* PingPongSample */;
			targetProxy = EBB9A2001EFC50D30015632B /* PBXContainerItemProxy */;
		};
/* End PBXTargetDependency section */

/* Begin PBXVariantGroup section */
		CD92470A1F4212D7001BD6D4 /* LaunchScreen.storyboard */ = {
			isa = PBXVariantGroup;
			children = (
				CD92470B1F4212D7001BD6D4 /* Base */,
			);
			name = LaunchScreen.storyboard;
			sourceTree = "<group>";
		};
		CD92470C1F4212D7001BD6D4 /* Main.storyboard */ = {
			isa = PBXVariantGroup;
			children = (
				CD92470D1F4212D7001BD6D4 /* Base */,
			);
			name = Main.storyboard;
			sourceTree = "<group>";
		};
/* End PBXVariantGroup section */

/* Begin XCBuildConfiguration section */
		CBFBFF661EFACF2B004D7CBB /* Debug */ = {
			isa = XCBuildConfiguration;
			buildSettings = {
				ALWAYS_SEARCH_USER_PATHS = NO;
				CLANG_ANALYZER_NONNULL = YES;
				CLANG_ANALYZER_NUMBER_OBJECT_CONVERSION = YES_AGGRESSIVE;
				CLANG_CXX_LANGUAGE_STANDARD = "gnu++0x";
				CLANG_CXX_LIBRARY = "libc++";
				CLANG_ENABLE_MODULES = YES;
				CLANG_ENABLE_OBJC_ARC = YES;
				CLANG_WARN_BOOL_CONVERSION = YES;
				CLANG_WARN_CONSTANT_CONVERSION = YES;
				CLANG_WARN_DIRECT_OBJC_ISA_USAGE = YES_ERROR;
				CLANG_WARN_DOCUMENTATION_COMMENTS = YES;
				CLANG_WARN_EMPTY_BODY = YES;
				CLANG_WARN_ENUM_CONVERSION = YES;
				CLANG_WARN_INFINITE_RECURSION = YES;
				CLANG_WARN_INT_CONVERSION = YES;
				CLANG_WARN_OBJC_ROOT_CLASS = YES_ERROR;
				CLANG_WARN_SUSPICIOUS_MOVE = YES;
				CLANG_WARN_UNREACHABLE_CODE = YES;
				CLANG_WARN__DUPLICATE_METHOD_MATCH = YES;
				"CODE_SIGN_IDENTITY[sdk=iphoneos*]" = "iPhone Developer";
				COPY_PHASE_STRIP = NO;
				DEBUG_INFORMATION_FORMAT = dwarf;
				ENABLE_STRICT_OBJC_MSGSEND = YES;
				ENABLE_TESTABILITY = YES;
				GCC_C_LANGUAGE_STANDARD = gnu99;
				GCC_DYNAMIC_NO_PIC = NO;
				GCC_NO_COMMON_BLOCKS = YES;
				GCC_OPTIMIZATION_LEVEL = 0;
				GCC_PREPROCESSOR_DEFINITIONS = (
					"DEBUG=1",
					"$(inherited)",
				);
				GCC_WARN_64_TO_32_BIT_CONVERSION = YES;
				GCC_WARN_ABOUT_RETURN_TYPE = YES_ERROR;
				GCC_WARN_UNDECLARED_SELECTOR = YES;
				GCC_WARN_UNINITIALIZED_AUTOS = YES_AGGRESSIVE;
				GCC_WARN_UNUSED_FUNCTION = YES;
				GCC_WARN_UNUSED_VARIABLE = YES;
				IPHONEOS_DEPLOYMENT_TARGET = 10.3;
				MTL_ENABLE_DEBUG_INFO = YES;
				ONLY_ACTIVE_ARCH = YES;
				SDKROOT = iphoneos;
				SWIFT_ACTIVE_COMPILATION_CONDITIONS = DEBUG;
				SWIFT_OBJC_BRIDGING_HEADER = "";
				SWIFT_OPTIMIZATION_LEVEL = "-Onone";
				TARGETED_DEVICE_FAMILY = "1,2";
			};
			name = Debug;
		};
		CBFBFF671EFACF2B004D7CBB /* Release */ = {
			isa = XCBuildConfiguration;
			buildSettings = {
				ALWAYS_SEARCH_USER_PATHS = NO;
				CLANG_ANALYZER_NONNULL = YES;
				CLANG_ANALYZER_NUMBER_OBJECT_CONVERSION = YES_AGGRESSIVE;
				CLANG_CXX_LANGUAGE_STANDARD = "gnu++0x";
				CLANG_CXX_LIBRARY = "libc++";
				CLANG_ENABLE_MODULES = YES;
				CLANG_ENABLE_OBJC_ARC = YES;
				CLANG_WARN_BOOL_CONVERSION = YES;
				CLANG_WARN_CONSTANT_CONVERSION = YES;
				CLANG_WARN_DIRECT_OBJC_ISA_USAGE = YES_ERROR;
				CLANG_WARN_DOCUMENTATION_COMMENTS = YES;
				CLANG_WARN_EMPTY_BODY = YES;
				CLANG_WARN_ENUM_CONVERSION = YES;
				CLANG_WARN_INFINITE_RECURSION = YES;
				CLANG_WARN_INT_CONVERSION = YES;
				CLANG_WARN_OBJC_ROOT_CLASS = YES_ERROR;
				CLANG_WARN_SUSPICIOUS_MOVE = YES;
				CLANG_WARN_UNREACHABLE_CODE = YES;
				CLANG_WARN__DUPLICATE_METHOD_MATCH = YES;
				"CODE_SIGN_IDENTITY[sdk=iphoneos*]" = "iPhone Developer";
				COPY_PHASE_STRIP = NO;
				DEBUG_INFORMATION_FORMAT = "dwarf-with-dsym";
				ENABLE_NS_ASSERTIONS = NO;
				ENABLE_STRICT_OBJC_MSGSEND = YES;
				GCC_C_LANGUAGE_STANDARD = gnu99;
				GCC_NO_COMMON_BLOCKS = YES;
				GCC_WARN_64_TO_32_BIT_CONVERSION = YES;
				GCC_WARN_ABOUT_RETURN_TYPE = YES_ERROR;
				GCC_WARN_UNDECLARED_SELECTOR = YES;
				GCC_WARN_UNINITIALIZED_AUTOS = YES_AGGRESSIVE;
				GCC_WARN_UNUSED_FUNCTION = YES;
				GCC_WARN_UNUSED_VARIABLE = YES;
				IPHONEOS_DEPLOYMENT_TARGET = 10.3;
				MTL_ENABLE_DEBUG_INFO = NO;
				SDKROOT = iphoneos;
				SWIFT_OBJC_BRIDGING_HEADER = "";
				SWIFT_OPTIMIZATION_LEVEL = "-Owholemodule";
				TARGETED_DEVICE_FAMILY = "1,2";
				VALIDATE_PRODUCT = YES;
			};
			name = Release;
		};
		CBFBFF691EFACF2B004D7CBB /* Debug */ = {
			isa = XCBuildConfiguration;
			baseConfigurationReference = 8D50DE6E925868C6CC268B46 /* Pods-PingPongSample.debug.xcconfig */;
			buildSettings = {
				ASSETCATALOG_COMPILER_APPICON_NAME = AppIcon;
				CLANG_ENABLE_MODULES = YES;
				DEVELOPMENT_TEAM = "";
				INFOPLIST_FILE = PingPongSample/Info.plist;
				LD_RUNPATH_SEARCH_PATHS = "$(inherited) @executable_path/Frameworks";
				PRODUCT_BUNDLE_IDENTIFIER = "Beloved-Robot.PingPongSample";
				PRODUCT_NAME = "$(TARGET_NAME)";
				SWIFT_OBJC_BRIDGING_HEADER = "";
				SWIFT_OPTIMIZATION_LEVEL = "-Onone";
				SWIFT_VERSION = 3.0;
			};
			name = Debug;
		};
		CBFBFF6A1EFACF2B004D7CBB /* Release */ = {
			isa = XCBuildConfiguration;
			baseConfigurationReference = 418EB6732F0E224E0777EB87 /* Pods-PingPongSample.release.xcconfig */;
			buildSettings = {
				ASSETCATALOG_COMPILER_APPICON_NAME = AppIcon;
				CLANG_ENABLE_MODULES = YES;
				DEVELOPMENT_TEAM = "";
				INFOPLIST_FILE = PingPongSample/Info.plist;
				LD_RUNPATH_SEARCH_PATHS = "$(inherited) @executable_path/Frameworks";
				PRODUCT_BUNDLE_IDENTIFIER = "Beloved-Robot.PingPongSample";
				PRODUCT_NAME = "$(TARGET_NAME)";
				SWIFT_OBJC_BRIDGING_HEADER = "";
				SWIFT_VERSION = 3.0;
			};
			name = Release;
		};
		EBB9A2031EFC50D40015632B /* Debug */ = {
			isa = XCBuildConfiguration;
			baseConfigurationReference = 5C23BB9D553274CD920B4FA8 /* Pods-PingPongSampleUITests.debug.xcconfig */;
			buildSettings = {
				DEVELOPMENT_TEAM = PGMQB236A6;
				INFOPLIST_FILE = CandidateInterviewUITests/Info.plist;
				LD_RUNPATH_SEARCH_PATHS = "$(inherited) @executable_path/Frameworks @loader_path/Frameworks";
				PRODUCT_BUNDLE_IDENTIFIER = com.belovedrobot.CandidateInterviewUITests;
				PRODUCT_NAME = "$(TARGET_NAME)";
				SWIFT_VERSION = 3.0;
				TEST_TARGET_NAME = CandidateInterview;
			};
			name = Debug;
		};
		EBB9A2041EFC50D40015632B /* Release */ = {
			isa = XCBuildConfiguration;
			baseConfigurationReference = 411A23A80AF854B7D81A1371 /* Pods-PingPongSampleUITests.release.xcconfig */;
			buildSettings = {
				DEVELOPMENT_TEAM = PGMQB236A6;
				INFOPLIST_FILE = CandidateInterviewUITests/Info.plist;
				LD_RUNPATH_SEARCH_PATHS = "$(inherited) @executable_path/Frameworks @loader_path/Frameworks";
				PRODUCT_BUNDLE_IDENTIFIER = com.belovedrobot.CandidateInterviewUITests;
				PRODUCT_NAME = "$(TARGET_NAME)";
				SWIFT_VERSION = 3.0;
				TEST_TARGET_NAME = CandidateInterview;
			};
			name = Release;
		};
/* End XCBuildConfiguration section */

/* Begin XCConfigurationList section */
		CBFBFF511EFACF2B004D7CBB /* Build configuration list for PBXProject "PingPongSample" */ = {
			isa = XCConfigurationList;
			buildConfigurations = (
				CBFBFF661EFACF2B004D7CBB /* Debug */,
				CBFBFF671EFACF2B004D7CBB /* Release */,
			);
			defaultConfigurationIsVisible = 0;
			defaultConfigurationName = Release;
		};
		CBFBFF681EFACF2B004D7CBB /* Build configuration list for PBXNativeTarget "PingPongSample" */ = {
			isa = XCConfigurationList;
			buildConfigurations = (
				CBFBFF691EFACF2B004D7CBB /* Debug */,
				CBFBFF6A1EFACF2B004D7CBB /* Release */,
			);
			defaultConfigurationIsVisible = 0;
			defaultConfigurationName = Release;
		};
		EBB9A2021EFC50D40015632B /* Build configuration list for PBXNativeTarget "PingPongSampleUITests" */ = {
			isa = XCConfigurationList;
			buildConfigurations = (
				EBB9A2031EFC50D40015632B /* Debug */,
				EBB9A2041EFC50D40015632B /* Release */,
			);
			defaultConfigurationIsVisible = 0;
			defaultConfigurationName = Release;
		};
/* End XCConfigurationList section */
	};
	rootObject = CBFBFF4E1EFACF2B004D7CBB /* Project object */;
}
